{
  "name": "task_4",
  "version": "1.0.0",
  "lockfileVersion": 1,
  "requires": true,
  "dependencies": {
    "@types/eslint-visitor-keys": {
      "version": "1.0.0",
      "resolved": "https://registry.npmjs.org/@types/eslint-visitor-keys/-/eslint-visitor-keys-1.0.0.tgz",
      "integrity": "sha512-OCutwjDZ4aFS6PB1UZ988C4YgwlBHJd6wCeQqaLdmadZ/7e+w79+hbMUFC1QXDNCmdyoRfAFdm0RypzwR+Qpag==",
      "dev": true
    },
    "@types/json-schema": {
      "version": "7.0.11",
      "resolved": "https://registry.npmjs.org/@types/json-schema/-/json-schema-7.0.11.tgz",
      "integrity": "sha512-wOuvG1SN4Us4rez+tylwwwCV1psiNVOkJeM3AUWUNWg/jDQY2+HE/444y5gc+jBmRqASOm2Oeh5c1axHobwRKQ==",
      "dev": true
    },
    "@typescript-eslint/eslint-plugin": {
      "version": "2.34.0",
      "resolved": "https://registry.npmjs.org/@typescript-eslint/eslint-plugin/-/eslint-plugin-2.34.0.tgz",
      "integrity": "sha512-4zY3Z88rEE99+CNvTbXSyovv2z9PNOVffTWD2W8QF5s2prBQtwN2zadqERcrHpcR7O/+KMI3fcTAmUUhK/iQcQ==",
      "dev": true,
      "requires": {
        "@typescript-eslint/experimental-utils": "2.34.0",
        "functional-red-black-tree": "^1.0.1",
        "regexpp": "^3.0.0",
        "tsutils": "^3.17.1"
      }
    },
    "@typescript-eslint/experimental-utils": {
      "version": "2.34.0",
      "resolved": "https://registry.npmjs.org/@typescript-eslint/experimental-utils/-/experimental-utils-2.34.0.tgz",
      "integrity": "sha512-eS6FTkq+wuMJ+sgtuNTtcqavWXqsflWcfBnlYhg/nS4aZ1leewkXGbvBhaapn1q6qf4M71bsR1tez5JTRMuqwA==",
      "dev": true,
      "requires": {
        "@types/json-schema": "^7.0.3",
        "@typescript-eslint/typescript-estree": "2.34.0",
        "eslint-scope": "^5.0.0",
        "eslint-utils": "^2.0.0"
      }
    },
    "@typescript-eslint/parser": {
      "version": "2.34.0",
      "resolved": "https://registry.npmjs.org/@typescript-eslint/parser/-/parser-2.34.0.tgz",
      "integrity": "sha512-03ilO0ucSD0EPTw2X4PntSIRFtDPWjrVq7C3/Z3VQHRC7+13YB55rcJI3Jt+YgeHbjUdJPcPa7b23rXCBokuyA==",
      "dev": true,
      "requires": {
        "@types/eslint-visitor-keys": "^1.0.0",
        "@typescript-eslint/experimental-utils": "2.34.0",
        "@typescript-eslint/typescript-estree": "2.34.0",
        "eslint-visitor-keys": "^1.1.0"
      }

